
Microsoft Visual Studio Solution File, Format Version 12.00
# Visual Studio Version 16
VisualStudioVersion = 16.0.810.9
MinimumVisualStudioVersion = 10.0.40219.1
Project("{FAE04EC0-301F-11D3-BF4B-00C04F79EFBC}") = "contact-manager", "contact-manager.csproj", "{9D9414AA-88A5-4289-A9AC-50B5E1CD11AF}"
EndProject
Global
	GlobalSection(SolutionConfigurationPlatforms) = preSolution
		Debug|Any CPU = Debug|Any CPU
		Release|Any CPU = Release|Any CPU
	EndGlobalSection
	GlobalSection(ProjectConfigurationPlatforms) = postSolution
		{9D9414AA-88A5-4289-A9AC-50B5E1CD11AF}.Debug|Any CPU.ActiveCfg = Debug|Any CPU
		{9D9414AA-88A5-4289-A9AC-50B5E1CD11AF}.Debug|Any CPU.Build.0 = Debug|Any CPU
		{9D9414AA-88A5-4289-A9AC-50B5E1CD11AF}.Release|Any CPU.ActiveCfg = Release|Any CPU
		{9D9414AA-88A5-4289-A9AC-50B5E1CD11AF}.Release|Any CPU.Build.0 = Release|Any CPU
	EndGlobalSection
	GlobalSection(SolutionProperties) = preSolution
		HideSolutionNode = FALSE
	EndGlobalSection
	GlobalSection(ExtensibilityGlobals) = postSolution
		SolutionGuid = {0DD0AC2E-5636-4A89-B501-83E3AD87C6CA}
	EndGlobalSection
EndGlobal
